
Microsoft Visual Studio Solution File, Format Version 12.00
# Visual Studio Version 17
VisualStudioVersion = 17.4.33122.133
MinimumVisualStudioVersion = 10.0.40219.1
Project("{FAE04EC0-301F-11D3-BF4B-00C04F79EFBC}") = "U3_AP1", "U3_AP1\U3_AP1.csproj", "{000DB367-75E1-4A22-B5B3-84CCBBF9200C}"
EndProject
Global
	GlobalSection(SolutionConfigurationPlatforms) = preSolution
		Debug|Any CPU = Debug|Any CPU
		Release|Any CPU = Release|Any CPU
	EndGlobalSection
	GlobalSection(ProjectConfigurationPlatforms) = postSolution
		{000DB367-75E1-4A22-B5B3-84CCBBF9200C}.Debug|Any CPU.ActiveCfg = Debug|Any CPU
		{000DB367-75E1-4A22-B5B3-84CCBBF9200C}.Debug|Any CPU.Build.0 = Debug|Any CPU
		{000DB367-75E1-4A22-B5B3-84CCBBF9200C}.Release|Any CPU.ActiveCfg = Release|Any CPU
		{000DB367-75E1-4A22-B5B3-84CCBBF9200C}.Release|Any CPU.Build.0 = Release|Any CPU
	EndGlobalSection
	GlobalSection(SolutionProperties) = preSolution
		HideSolutionNode = FALSE
	EndGlobalSection
	GlobalSection(ExtensibilityGlobals) = postSolution
		SolutionGuid = {42EC8BD6-F636-49A3-8856-4C6C790F0BB5}
	EndGlobalSection
EndGlobal
